
Microsoft Visual Studio Solution File, Format Version 12.00
# Visual Studio Version 16
VisualStudioVersion = 16.0.30717.126
MinimumVisualStudioVersion = 10.0.40219.1
Project("{888888A0-9F3D-457C-B088-3A5042F75D52}") = "Практическая 5", "Практическая 5.pyproj", "{797FD415-C4EB-4682-BFA0-D7D1BB7D14DC}"
EndProject
Global
	GlobalSection(SolutionConfigurationPlatforms) = preSolution
		Debug|Any CPU = Debug|Any CPU
		Release|Any CPU = Release|Any CPU
	EndGlobalSection
	GlobalSection(ProjectConfigurationPlatforms) = postSolution
		{797FD415-C4EB-4682-BFA0-D7D1BB7D14DC}.Debug|Any CPU.ActiveCfg = Debug|Any CPU
		{797FD415-C4EB-4682-BFA0-D7D1BB7D14DC}.Release|Any CPU.ActiveCfg = Release|Any CPU
	EndGlobalSection
	GlobalSection(SolutionProperties) = preSolution
		HideSolutionNode = FALSE
	EndGlobalSection
	GlobalSection(ExtensibilityGlobals) = postSolution
		SolutionGuid = {7A81F719-B7B6-4B0A-8A04-4B5C6EC7A02E}
	EndGlobalSection
EndGlobal
